
Microsoft Visual Studio Solution File, Format Version 11.00
# Visual Studio 2010
Project("{F2A71F9B-5D33-465A-A702-920D77279786}") = "FSIApp", "FSIApp.fsproj", "{63511CCA-B64B-4C5C-854C-DF6268B31FB9}"
EndProject
Global
	GlobalSection(SolutionConfigurationPlatforms) = preSolution
		Debug|x86 = Debug|x86
		Release|x86 = Release|x86
	EndGlobalSection
	GlobalSection(ProjectConfigurationPlatforms) = postSolution
		{63511CCA-B64B-4C5C-854C-DF6268B31FB9}.Debug|x86.ActiveCfg = Debug|x86
		{63511CCA-B64B-4C5C-854C-DF6268B31FB9}.Debug|x86.Build.0 = Debug|x86
		{63511CCA-B64B-4C5C-854C-DF6268B31FB9}.Release|x86.ActiveCfg = Release|x86
		{63511CCA-B64B-4C5C-854C-DF6268B31FB9}.Release|x86.Build.0 = Release|x86
	EndGlobalSection
	GlobalSection(SolutionProperties) = preSolution
		HideSolutionNode = FALSE
	EndGlobalSection
EndGlobal
