Microsoft Visual Studio Solution File, Format Version 12.00
# Visual Studio 2012
Project("{F2A71F9B-5D33-465A-A702-920D77279786}") = "FSharp.Core.Portable", "fsharp\FSharp.Core\FSharp.Core.Portable.fsproj", "{DED3BBD7-53F4-428A-8C9F-27968E768605}"
EndProject
Global
  GlobalSection(SolutionConfigurationPlatforms) = preSolution
		Debug|Any CPU = Debug|Any CPU
		Release|Any CPU = Release|Any CPU
	EndGlobalSection
	GlobalSection(ProjectConfigurationPlatforms) = postSolution
		{DED3BBD7-53F4-428A-8C9F-27968E768605}.Debug|Any CPU.ActiveCfg = Debug|x86
		{DED3BBD7-53F4-428A-8C9F-27968E768605}.Release|Any CPU.ActiveCfg = Release|x86
	EndGlobalSection
	GlobalSection(SolutionProperties) = preSolution
		HideSolutionNode = FALSE
	EndGlobalSection
EndGlobal
